
Microsoft Visual Studio Solution File, Format Version 12.00
# Visual Studio Version 17
VisualStudioVersion = 17.3.32922.545
MinimumVisualStudioVersion = 10.0.40219.1
Project("{9A19103F-16F7-4668-BE54-9A1E7A4F7556}") = "Vetman", "Vetman.csproj", "{2DE0C215-86B1-4DC9-9959-402A69E1B482}"
EndProject
Project("{FAE04EC0-301F-11D3-BF4B-00C04F79EFBC}") = "Core", "..\Core\Core.csproj", "{5C63F4B0-4487-4245-B363-B2E1DF16BEE4}"
EndProject
Project("{FAE04EC0-301F-11D3-BF4B-00C04F79EFBC}") = "Logic", "..\Logic\Logic.csproj", "{ACE6A673-81B1-4772-886C-749A9C00C467}"
EndProject
Global
	GlobalSection(SolutionConfigurationPlatforms) = preSolution
		Debug|Any CPU = Debug|Any CPU
		Release|Any CPU = Release|Any CPU
	EndGlobalSection
	GlobalSection(ProjectConfigurationPlatforms) = postSolution
		{2DE0C215-86B1-4DC9-9959-402A69E1B482}.Debug|Any CPU.ActiveCfg = Debug|Any CPU
		{2DE0C215-86B1-4DC9-9959-402A69E1B482}.Debug|Any CPU.Build.0 = Debug|Any CPU
		{2DE0C215-86B1-4DC9-9959-402A69E1B482}.Release|Any CPU.ActiveCfg = Release|Any CPU
		{2DE0C215-86B1-4DC9-9959-402A69E1B482}.Release|Any CPU.Build.0 = Release|Any CPU
		{5C63F4B0-4487-4245-B363-B2E1DF16BEE4}.Debug|Any CPU.ActiveCfg = Debug|Any CPU
		{5C63F4B0-4487-4245-B363-B2E1DF16BEE4}.Debug|Any CPU.Build.0 = Debug|Any CPU
		{5C63F4B0-4487-4245-B363-B2E1DF16BEE4}.Release|Any CPU.ActiveCfg = Release|Any CPU
		{5C63F4B0-4487-4245-B363-B2E1DF16BEE4}.Release|Any CPU.Build.0 = Release|Any CPU
		{ACE6A673-81B1-4772-886C-749A9C00C467}.Debug|Any CPU.ActiveCfg = Debug|Any CPU
		{ACE6A673-81B1-4772-886C-749A9C00C467}.Debug|Any CPU.Build.0 = Debug|Any CPU
		{ACE6A673-81B1-4772-886C-749A9C00C467}.Release|Any CPU.ActiveCfg = Release|Any CPU
		{ACE6A673-81B1-4772-886C-749A9C00C467}.Release|Any CPU.Build.0 = Release|Any CPU
	EndGlobalSection
	GlobalSection(SolutionProperties) = preSolution
		HideSolutionNode = FALSE
	EndGlobalSection
	GlobalSection(ExtensibilityGlobals) = postSolution
		SolutionGuid = {4A5F0341-7C0B-448A-99F4-04B7F48C2BBA}
	EndGlobalSection
EndGlobal
